{
  "requires": true,
  "lockfileVersion": 1,
  "dependencies": {
    "add": {
      "version": "2.0.6",
      "resolved": "https://registry.npmjs.org/add/-/add-2.0.6.tgz",
      "integrity": "sha1-JI8Kn25aUo7yKV2+7DBTITCuIjU="
    },
    "new": {
      "version": "0.1.1",
      "resolved": "https://registry.npmjs.org/new/-/new-0.1.1.tgz",
      "integrity": "sha1-43ggO+ZLQEpqlaqAmjXqmPOQeXI="
    }
  }
}
